
Microsoft Visual Studio Solution File, Format Version 12.00
# Visual Studio Version 17
VisualStudioVersion = 17.14.36109.1 d17.14
MinimumVisualStudioVersion = 10.0.40219.1
Project("{FAE04EC0-301F-11D3-BF4B-00C04F79EFBC}") = "CompilerLib", "CompilerLib\CompilerLib.csproj", "{239967AA-2489-4FAE-8839-5D44178AC793}"
EndProject
Project("{FAE04EC0-301F-11D3-BF4B-00C04F79EFBC}") = "CompilerTests", "CompilerTests\CompilerTests.csproj", "{48C48A16-18FF-4FD0-8105-1F35993C3D48}"
EndProject
Project("{FAE04EC0-301F-11D3-BF4B-00C04F79EFBC}") = "CompilerConsole", "CompilerConsole\CompilerConsole.csproj", "{EFA7A00E-368D-40E0-B7E9-1DE681B74FC2}"
EndProject
Global
	GlobalSection(SolutionConfigurationPlatforms) = preSolution
		Debug|Any CPU = Debug|Any CPU
		Release|Any CPU = Release|Any CPU
	EndGlobalSection
	GlobalSection(ProjectConfigurationPlatforms) = postSolution
		{239967AA-2489-4FAE-8839-5D44178AC793}.Debug|Any CPU.ActiveCfg = Debug|Any CPU
		{239967AA-2489-4FAE-8839-5D44178AC793}.Debug|Any CPU.Build.0 = Debug|Any CPU
		{239967AA-2489-4FAE-8839-5D44178AC793}.Release|Any CPU.ActiveCfg = Release|Any CPU
		{239967AA-2489-4FAE-8839-5D44178AC793}.Release|Any CPU.Build.0 = Release|Any CPU
		{48C48A16-18FF-4FD0-8105-1F35993C3D48}.Debug|Any CPU.ActiveCfg = Debug|Any CPU
		{48C48A16-18FF-4FD0-8105-1F35993C3D48}.Debug|Any CPU.Build.0 = Debug|Any CPU
		{48C48A16-18FF-4FD0-8105-1F35993C3D48}.Release|Any CPU.ActiveCfg = Release|Any CPU
		{48C48A16-18FF-4FD0-8105-1F35993C3D48}.Release|Any CPU.Build.0 = Release|Any CPU
		{EFA7A00E-368D-40E0-B7E9-1DE681B74FC2}.Debug|Any CPU.ActiveCfg = Debug|Any CPU
		{EFA7A00E-368D-40E0-B7E9-1DE681B74FC2}.Debug|Any CPU.Build.0 = Debug|Any CPU
		{EFA7A00E-368D-40E0-B7E9-1DE681B74FC2}.Release|Any CPU.ActiveCfg = Release|Any CPU
		{EFA7A00E-368D-40E0-B7E9-1DE681B74FC2}.Release|Any CPU.Build.0 = Release|Any CPU
	EndGlobalSection
	GlobalSection(SolutionProperties) = preSolution
		HideSolutionNode = FALSE
	EndGlobalSection
	GlobalSection(ExtensibilityGlobals) = postSolution
		SolutionGuid = {C4D98590-F8CA-4120-95FE-FEE0DA4D5C2E}
	EndGlobalSection
EndGlobal
